
Microsoft Visual Studio Solution File, Format Version 12.00
# Visual Studio 14
VisualStudioVersion = 14.0.25123.0
MinimumVisualStudioVersion = 10.0.40219.1
Project("{FAE04EC0-301F-11D3-BF4B-00C04F79EFBC}") = "01 PersonalTitles", "PersonalTitles\01 PersonalTitles.csproj", "{0A351D94-E4E8-40A1-A520-ECADB82701A3}"
EndProject
Project("{FAE04EC0-301F-11D3-BF4B-00C04F79EFBC}") = "02 SmallShop", "SmallShop\02 SmallShop.csproj", "{1A46DA6E-A1E9-44E5-A131-AE77A7625685}"
EndProject
Project("{FAE04EC0-301F-11D3-BF4B-00C04F79EFBC}") = "03 PointInRectangle", "PointInRectangle\03 PointInRectangle.csproj", "{7F785FAF-DDCF-41EE-93AF-7FADC3ECB5B8}"
EndProject
Project("{FAE04EC0-301F-11D3-BF4B-00C04F79EFBC}") = "04 FruitOrVegetable", "FruitOrVegetable\04 FruitOrVegetable.csproj", "{21C1308A-1323-443D-BE47-7E69604D8EC3}"
EndProject
Project("{FAE04EC0-301F-11D3-BF4B-00C04F79EFBC}") = "05.1 InvalidNumber", "InvalidNumber\05.1 InvalidNumber.csproj", "{6EF660CF-CBD1-40DA-BA7C-CF444E4CB8AB}"
EndProject
Project("{FAE04EC0-301F-11D3-BF4B-00C04F79EFBC}") = "06 FruitShop", "FruitShop\06 FruitShop.csproj", "{E46D9C6D-F1BA-42E1-B199-A967430824AA}"
EndProject
Project("{FAE04EC0-301F-11D3-BF4B-00C04F79EFBC}") = "07 TradeComissions", "TradeComissions\07 TradeComissions.csproj", "{C7C6BD9F-3EB5-4E4F-990A-061743B1081A}"
EndProject
Project("{FAE04EC0-301F-11D3-BF4B-00C04F79EFBC}") = "05.2 PointOnRectangleBorder", "PointOnRectangleBorder\05.2 PointOnRectangleBorder.csproj", "{61831A80-0D34-406D-B9E8-D62BEDD38CE7}"
EndProject
Project("{FAE04EC0-301F-11D3-BF4B-00C04F79EFBC}") = "05.1 InvalidNumberTwo", "InvalidNumberTwo\05.1 InvalidNumberTwo.csproj", "{7E2BEDB5-DDAC-40E0-8454-6EDD57F86CDD}"
EndProject
Project("{FAE04EC0-301F-11D3-BF4B-00C04F79EFBC}") = "08 Cinema", "Cinema\08 Cinema.csproj", "{C816956B-1461-42F1-B34A-A8102239D108}"
EndProject
Project("{FAE04EC0-301F-11D3-BF4B-00C04F79EFBC}") = "09 Volleyball", "Volleyball\09 Volleyball.csproj", "{BE7EBD4E-B7D2-40AE-837C-D25C8F71820B}"
EndProject
Project("{FAE04EC0-301F-11D3-BF4B-00C04F79EFBC}") = "10 PointInTheFigure", "PointInTheFigure\10 PointInTheFigure.csproj", "{C223D775-70E3-4263-9B68-72BCEC606C99}"
EndProject
Project("{FAE04EC0-301F-11D3-BF4B-00C04F79EFBC}") = "10 PointInTheFigureOtherVariant", "PointInTheFigureOtherVariant\10 PointInTheFigureOtherVariant.csproj", "{AD28E564-D55E-45BC-AC51-2A4423A8CFB9}"
EndProject
Project("{FAE04EC0-301F-11D3-BF4B-00C04F79EFBC}") = "DayOfWeek", "DayOfWeek\DayOfWeek.csproj", "{505DC262-42AC-4B0A-9608-5CC9E2AC9441}"
EndProject
Project("{FAE04EC0-301F-11D3-BF4B-00C04F79EFBC}") = "AnimalType", "AnimalType\AnimalType.csproj", "{40B02C82-FD11-40DF-988D-A09DC4AF2F31}"
EndProject
Global
	GlobalSection(SolutionConfigurationPlatforms) = preSolution
		Debug|Any CPU = Debug|Any CPU
		Release|Any CPU = Release|Any CPU
	EndGlobalSection
	GlobalSection(ProjectConfigurationPlatforms) = postSolution
		{0A351D94-E4E8-40A1-A520-ECADB82701A3}.Debug|Any CPU.ActiveCfg = Debug|Any CPU
		{0A351D94-E4E8-40A1-A520-ECADB82701A3}.Debug|Any CPU.Build.0 = Debug|Any CPU
		{0A351D94-E4E8-40A1-A520-ECADB82701A3}.Release|Any CPU.ActiveCfg = Release|Any CPU
		{0A351D94-E4E8-40A1-A520-ECADB82701A3}.Release|Any CPU.Build.0 = Release|Any CPU
		{1A46DA6E-A1E9-44E5-A131-AE77A7625685}.Debug|Any CPU.ActiveCfg = Debug|Any CPU
		{1A46DA6E-A1E9-44E5-A131-AE77A7625685}.Debug|Any CPU.Build.0 = Debug|Any CPU
		{1A46DA6E-A1E9-44E5-A131-AE77A7625685}.Release|Any CPU.ActiveCfg = Release|Any CPU
		{1A46DA6E-A1E9-44E5-A131-AE77A7625685}.Release|Any CPU.Build.0 = Release|Any CPU
		{7F785FAF-DDCF-41EE-93AF-7FADC3ECB5B8}.Debug|Any CPU.ActiveCfg = Debug|Any CPU
		{7F785FAF-DDCF-41EE-93AF-7FADC3ECB5B8}.Debug|Any CPU.Build.0 = Debug|Any CPU
		{7F785FAF-DDCF-41EE-93AF-7FADC3ECB5B8}.Release|Any CPU.ActiveCfg = Release|Any CPU
		{7F785FAF-DDCF-41EE-93AF-7FADC3ECB5B8}.Release|Any CPU.Build.0 = Release|Any CPU
		{21C1308A-1323-443D-BE47-7E69604D8EC3}.Debug|Any CPU.ActiveCfg = Debug|Any CPU
		{21C1308A-1323-443D-BE47-7E69604D8EC3}.Debug|Any CPU.Build.0 = Debug|Any CPU
		{21C1308A-1323-443D-BE47-7E69604D8EC3}.Release|Any CPU.ActiveCfg = Release|Any CPU
		{21C1308A-1323-443D-BE47-7E69604D8EC3}.Release|Any CPU.Build.0 = Release|Any CPU
		{6EF660CF-CBD1-40DA-BA7C-CF444E4CB8AB}.Debug|Any CPU.ActiveCfg = Debug|Any CPU
		{6EF660CF-CBD1-40DA-BA7C-CF444E4CB8AB}.Debug|Any CPU.Build.0 = Debug|Any CPU
		{6EF660CF-CBD1-40DA-BA7C-CF444E4CB8AB}.Release|Any CPU.ActiveCfg = Release|Any CPU
		{6EF660CF-CBD1-40DA-BA7C-CF444E4CB8AB}.Release|Any CPU.Build.0 = Release|Any CPU
		{E46D9C6D-F1BA-42E1-B199-A967430824AA}.Debug|Any CPU.ActiveCfg = Debug|Any CPU
		{E46D9C6D-F1BA-42E1-B199-A967430824AA}.Debug|Any CPU.Build.0 = Debug|Any CPU
		{E46D9C6D-F1BA-42E1-B199-A967430824AA}.Release|Any CPU.ActiveCfg = Release|Any CPU
		{E46D9C6D-F1BA-42E1-B199-A967430824AA}.Release|Any CPU.Build.0 = Release|Any CPU
		{C7C6BD9F-3EB5-4E4F-990A-061743B1081A}.Debug|Any CPU.ActiveCfg = Debug|Any CPU
		{C7C6BD9F-3EB5-4E4F-990A-061743B1081A}.Debug|Any CPU.Build.0 = Debug|Any CPU
		{C7C6BD9F-3EB5-4E4F-990A-061743B1081A}.Release|Any CPU.ActiveCfg = Release|Any CPU
		{C7C6BD9F-3EB5-4E4F-990A-061743B1081A}.Release|Any CPU.Build.0 = Release|Any CPU
		{61831A80-0D34-406D-B9E8-D62BEDD38CE7}.Debug|Any CPU.ActiveCfg = Debug|Any CPU
		{61831A80-0D34-406D-B9E8-D62BEDD38CE7}.Debug|Any CPU.Build.0 = Debug|Any CPU
		{61831A80-0D34-406D-B9E8-D62BEDD38CE7}.Release|Any CPU.ActiveCfg = Release|Any CPU
		{61831A80-0D34-406D-B9E8-D62BEDD38CE7}.Release|Any CPU.Build.0 = Release|Any CPU
		{7E2BEDB5-DDAC-40E0-8454-6EDD57F86CDD}.Debug|Any CPU.ActiveCfg = Debug|Any CPU
		{7E2BEDB5-DDAC-40E0-8454-6EDD57F86CDD}.Debug|Any CPU.Build.0 = Debug|Any CPU
		{7E2BEDB5-DDAC-40E0-8454-6EDD57F86CDD}.Release|Any CPU.ActiveCfg = Release|Any CPU
		{7E2BEDB5-DDAC-40E0-8454-6EDD57F86CDD}.Release|Any CPU.Build.0 = Release|Any CPU
		{C816956B-1461-42F1-B34A-A8102239D108}.Debug|Any CPU.ActiveCfg = Debug|Any CPU
		{C816956B-1461-42F1-B34A-A8102239D108}.Debug|Any CPU.Build.0 = Debug|Any CPU
		{C816956B-1461-42F1-B34A-A8102239D108}.Release|Any CPU.ActiveCfg = Release|Any CPU
		{C816956B-1461-42F1-B34A-A8102239D108}.Release|Any CPU.Build.0 = Release|Any CPU
		{BE7EBD4E-B7D2-40AE-837C-D25C8F71820B}.Debug|Any CPU.ActiveCfg = Debug|Any CPU
		{BE7EBD4E-B7D2-40AE-837C-D25C8F71820B}.Debug|Any CPU.Build.0 = Debug|Any CPU
		{BE7EBD4E-B7D2-40AE-837C-D25C8F71820B}.Release|Any CPU.ActiveCfg = Release|Any CPU
		{BE7EBD4E-B7D2-40AE-837C-D25C8F71820B}.Release|Any CPU.Build.0 = Release|Any CPU
		{C223D775-70E3-4263-9B68-72BCEC606C99}.Debug|Any CPU.ActiveCfg = Debug|Any CPU
		{C223D775-70E3-4263-9B68-72BCEC606C99}.Debug|Any CPU.Build.0 = Debug|Any CPU
		{C223D775-70E3-4263-9B68-72BCEC606C99}.Release|Any CPU.ActiveCfg = Release|Any CPU
		{C223D775-70E3-4263-9B68-72BCEC606C99}.Release|Any CPU.Build.0 = Release|Any CPU
		{AD28E564-D55E-45BC-AC51-2A4423A8CFB9}.Debug|Any CPU.ActiveCfg = Debug|Any CPU
		{AD28E564-D55E-45BC-AC51-2A4423A8CFB9}.Debug|Any CPU.Build.0 = Debug|Any CPU
		{AD28E564-D55E-45BC-AC51-2A4423A8CFB9}.Release|Any CPU.ActiveCfg = Release|Any CPU
		{AD28E564-D55E-45BC-AC51-2A4423A8CFB9}.Release|Any CPU.Build.0 = Release|Any CPU
		{505DC262-42AC-4B0A-9608-5CC9E2AC9441}.Debug|Any CPU.ActiveCfg = Debug|Any CPU
		{505DC262-42AC-4B0A-9608-5CC9E2AC9441}.Debug|Any CPU.Build.0 = Debug|Any CPU
		{505DC262-42AC-4B0A-9608-5CC9E2AC9441}.Release|Any CPU.ActiveCfg = Release|Any CPU
		{505DC262-42AC-4B0A-9608-5CC9E2AC9441}.Release|Any CPU.Build.0 = Release|Any CPU
		{40B02C82-FD11-40DF-988D-A09DC4AF2F31}.Debug|Any CPU.ActiveCfg = Debug|Any CPU
		{40B02C82-FD11-40DF-988D-A09DC4AF2F31}.Debug|Any CPU.Build.0 = Debug|Any CPU
		{40B02C82-FD11-40DF-988D-A09DC4AF2F31}.Release|Any CPU.ActiveCfg = Release|Any CPU
		{40B02C82-FD11-40DF-988D-A09DC4AF2F31}.Release|Any CPU.Build.0 = Release|Any CPU
	EndGlobalSection
	GlobalSection(SolutionProperties) = preSolution
		HideSolutionNode = FALSE
	EndGlobalSection
EndGlobal
